<?xml version="1.0" encoding="utf-8"?>
<Project ToolsVersion="12.0" xmlns="http://schemas.microsoft.com/developer/msbuild/2003">
  <ItemGroup>
    <ClCompile Include="prx.cpp" />
    <ClCompile Include="stdafx.cpp" />
  </ItemGroup>
  <ItemGroup>
    <Filter Include="Headers">
      <UniqueIdentifier>{123ca225-922b-43db-a492-06a82fbd55b4}</UniqueIdentifier>
    </Filter>
    <Filter Include="Headers\PS3">
      <UniqueIdentifier>{732a183f-8890-4bf0-a949-926707edd163}</UniqueIdentifier>
    </Filter>
  </ItemGroup>
  <ItemGroup>
    <ClInclude Include="Entry.h">
      <Filter>Headers</Filter>
    </ClInclude>
    <ClInclude Include="PS3\Interop.h">
      <Filter>Headers\PS3</Filter>
    </ClInclude>
    <ClInclude Include="PS3\Types.h">
      <Filter>Headers\PS3</Filter>
    </ClInclude>
    <ClInclude Include="PS3\Trace.h">
      <Filter>Headers\PS3</Filter>
    </ClInclude>
    <ClInclude Include="PS3\FS.h">
      <Filter>Headers\PS3</Filter>
    </ClInclude>
    <ClInclude Include="Minecraft\Input.h">
      <Filter>Headers</Filter>
    </ClInclude>
    <ClInclude Include="PS3\PadHelper.h">
      <Filter>Headers</Filter>
    </ClInclude>
    <ClInclude Include="InputConverter.h">
      <Filter>Headers</Filter>
    </ClInclude>
    <ClInclude Include="PS3\Dialog.h">
      <Filter>Headers\PS3</Filter>
    </ClInclude>
  </ItemGroup>
  <ItemGroup>
    <None Include="STUBS.txt" />
  </ItemGroup>
</Project>